
Microsoft Visual Studio Solution File, Format Version 12.00
# Visual Studio Version 16
VisualStudioVersion = 16.0.30717.126
MinimumVisualStudioVersion = 10.0.40219.1
Project("{FAE04EC0-301F-11D3-BF4B-00C04F79EFBC}") = "WeatherTrackerApp", "WeatherTrackerApp.csproj", "{535584F8-8458-47E2-B636-73991AC6BAD3}"
EndProject
Global
	GlobalSection(SolutionConfigurationPlatforms) = preSolution
		Debug|Any CPU = Debug|Any CPU
		Release|Any CPU = Release|Any CPU
	EndGlobalSection
	GlobalSection(ProjectConfigurationPlatforms) = postSolution
		{535584F8-8458-47E2-B636-73991AC6BAD3}.Debug|Any CPU.ActiveCfg = Debug|Any CPU
		{535584F8-8458-47E2-B636-73991AC6BAD3}.Debug|Any CPU.Build.0 = Debug|Any CPU
		{535584F8-8458-47E2-B636-73991AC6BAD3}.Release|Any CPU.ActiveCfg = Release|Any CPU
		{535584F8-8458-47E2-B636-73991AC6BAD3}.Release|Any CPU.Build.0 = Release|Any CPU
	EndGlobalSection
	GlobalSection(SolutionProperties) = preSolution
		HideSolutionNode = FALSE
	EndGlobalSection
	GlobalSection(ExtensibilityGlobals) = postSolution
		SolutionGuid = {40B4677C-AC10-4517-959C-4FAAAA29EEC0}
	EndGlobalSection
EndGlobal
